Microsoft Visual Studio Solution File, Format Version 12.00
# Visual Studio Version 17
VisualStudioVersion = 17.5.2.0
MinimumVisualStudioVersion = 10.0.40219.1
Project("{FAE04EC0-301F-11D3-BF4B-00C04F79EFBC}") = "Ixtl", "Ixtl\Ixtl.csproj", "{DF1776EF-2A9B-5794-E43F-E0B64C5D6C09}"
EndProject
Global
	GlobalSection(SolutionConfigurationPlatforms) = preSolution
		Debug|Any CPU = Debug|Any CPU
		Release|Any CPU = Release|Any CPU
	EndGlobalSection
	GlobalSection(ProjectConfigurationPlatforms) = postSolution
		{DF1776EF-2A9B-5794-E43F-E0B64C5D6C09}.Debug|Any CPU.ActiveCfg = Debug|Any CPU
		{DF1776EF-2A9B-5794-E43F-E0B64C5D6C09}.Debug|Any CPU.Build.0 = Debug|Any CPU
		{DF1776EF-2A9B-5794-E43F-E0B64C5D6C09}.Release|Any CPU.ActiveCfg = Release|Any CPU
		{DF1776EF-2A9B-5794-E43F-E0B64C5D6C09}.Release|Any CPU.Build.0 = Release|Any CPU
	EndGlobalSection
	GlobalSection(SolutionProperties) = preSolution
		HideSolutionNode = FALSE
	EndGlobalSection
	GlobalSection(ExtensibilityGlobals) = postSolution
		SolutionGuid = {1F02BEF6-2C5C-40B2-B23C-8BF9560F3AE6}
	EndGlobalSection
EndGlobal
